# THIS IS AN AUTOGENERATED FILE. DO NOT EDIT THIS FILE DIRECTLY.
# yarn lockfile v1


"@types/w3c-web-usb@1.0.6":
  version "1.0.6"
  resolved "https://registry.yarnpkg.com/@types/w3c-web-usb/-/w3c-web-usb-1.0.6.tgz#5d8560d0d9f585ffc80865bc773db7bc975b680c"
  integrity sha512-cSjhgrr8g4KbPnnijAr/KJDNKa/bBa+ixYkywFRvrhvi9n1WEl7yYbtRyzE6jqNQiSxxJxoAW3STaOQwJHndaw==

core-js@2.6.11:
  version "2.6.11"
  resolved "https://registry.yarnpkg.com/core-js/-/core-js-2.6.11.tgz#38831469f9922bded8ee21c9dc46985e0399308c"
  integrity sha512-5wjnpaT/3dV+XB4borEsnAYQchn00XSgTAWKDkEqv+K8KevjbzmofK6hfJ9TZIlpj2N0xQpazy7PiRQiWHqzWg==

node-addon-api@^4.2.0:
  version "4.2.0"
  resolved "https://registry.yarnpkg.com/node-addon-api/-/node-addon-api-4.2.0.tgz#117cbb5a959dff0992e1c586ae0393573e4d2a87"
  integrity sha512-eazsqzwG2lskuzBqCGPi7Ac2UgOoMz8JVOXVhTvvPDYhthvNpefx8jWD8Np7Gv+2Sz0FlPWZk0nJV0z598Wn8Q==

node-gyp-build@^4.3.0:
  version "4.3.0"
  resolved "https://registry.yarnpkg.com/node-gyp-build/-/node-gyp-build-4.3.0.tgz#9f256b03e5826150be39c764bf51e993946d71a3"
  integrity sha512-iWjXZvmboq0ja1pUGULQBexmxq8CV4xBhX7VDOTbL7ZR4FOowwY/VOtRxBN/yKxmdGoIp4j5ysNT4u3S2pDQ3Q==

usb@2.5.2:
  version "2.5.2"
  resolved "https://registry.yarnpkg.com/usb/-/usb-2.5.2.tgz#081b83aff83279c6d7605608880009ad698bc2c8"
  integrity sha512-/7hWfbPL4ExGTQO2v2XfuKoBHDwNMoNPZmyKjsPpS4bnEY3BIsaanPpGsLmaI4MOq9pAWDrIz0DwRA8SqJ1pVQ==
  dependencies:
    "@types/w3c-web-usb" "1.0.6"
    node-addon-api "^4.2.0"
    node-gyp-build "^4.3.0"
